// !$*UTF8*$!
{
	archiveVersion = 1;
	classes = {
	};
	objectVersion = 56;
	objects = {

/* Begin PBXBuildFile section */
		4B61AB0A2B6C1EDC006547C5 /* WorkoutSplitsView.swift in Sources */ = {isa = PBXBuildFile; fileRef = 4B61AB092B6C1EDB006547C5 /* WorkoutSplitsView.swift */; };
		4B61AB0D2B72C35B006547C5 /* InboxView.swift in Sources */ = {isa = PBXBuildFile; fileRef = 4B61AB0C2B72C35B006547C5 /* InboxView.swift */; };
		4B61AB102B72C456006547C5 /* ActiveNowView.swift in Sources */ = {isa = PBXBuildFile; fileRef = 4B61AB0F2B72C456006547C5 /* ActiveNowView.swift */; };
		4B61AB122B72C61F006547C5 /* InboxRowView.swift in Sources */ = {isa = PBXBuildFile; fileRef = 4B61AB112B72C61F006547C5 /* InboxRowView.swift */; };
		4B61AB162B72CC1C006547C5 /* ChatView.swift in Sources */ = {isa = PBXBuildFile; fileRef = 4B61AB152B72CC1C006547C5 /* ChatView.swift */; };
		4B61AB182B72CF10006547C5 /* ChatMessageCellView.swift in Sources */ = {isa = PBXBuildFile; fileRef = 4B61AB172B72CF10006547C5 /* ChatMessageCellView.swift */; };
		4B61AB1A2B72D1A1006547C5 /* ChatBubble.swift in Sources */ = {isa = PBXBuildFile; fileRef = 4B61AB192B72D1A1006547C5 /* ChatBubble.swift */; };
		4B61AB1C2B72D4B8006547C5 /* InboxViewModel.swift in Sources */ = {isa = PBXBuildFile; fileRef = 4B61AB1B2B72D4B8006547C5 /* InboxViewModel.swift */; };
		4B61AB1E2B72E04C006547C5 /* Message.swift in Sources */ = {isa = PBXBuildFile; fileRef = 4B61AB1D2B72E04C006547C5 /* Message.swift */; };
		4B61AB202B72E183006547C5 /* MessageService.swift in Sources */ = {isa = PBXBuildFile; fileRef = 4B61AB1F2B72E183006547C5 /* MessageService.swift */; };
		4B61AB222B72E4A0006547C5 /* ChatViewModel.swift in Sources */ = {isa = PBXBuildFile; fileRef = 4B61AB212B72E4A0006547C5 /* ChatViewModel.swift */; };
		4B61AB272B73DFB1006547C5 /* InboxService.swift in Sources */ = {isa = PBXBuildFile; fileRef = 4B61AB262B73DFB1006547C5 /* InboxService.swift */; };
		4B61AB292B73EFE0006547C5 /* Date.swift in Sources */ = {isa = PBXBuildFile; fileRef = 4B61AB282B73EFE0006547C5 /* Date.swift */; };
		4B61AB2B2B73F5FF006547C5 /* ActiveNowViewModel.swift in Sources */ = {isa = PBXBuildFile; fileRef = 4B61AB2A2B73F5FF006547C5 /* ActiveNowViewModel.swift */; };
		4B88B46F2B488C5E00F5F0F4 /* GainsApp.swift in Sources */ = {isa = PBXBuildFile; fileRef = 4B88B46E2B488C5E00F5F0F4 /* GainsApp.swift */; };
		4B88B4712B488C5E00F5F0F4 /* ContentView.swift in Sources */ = {isa = PBXBuildFile; fileRef = 4B88B4702B488C5E00F5F0F4 /* ContentView.swift */; };
		4B88B4732B488C6000F5F0F4 /* Assets.xcassets in Resources */ = {isa = PBXBuildFile; fileRef = 4B88B4722B488C6000F5F0F4 /* Assets.xcassets */; };
		4B88B4762B488C6000F5F0F4 /* Preview Assets.xcassets in Resources */ = {isa = PBXBuildFile; fileRef = 4B88B4752B488C6000F5F0F4 /* Preview Assets.xcassets */; };
		4B88B4802B488C6000F5F0F4 /* GainsTests.swift in Sources */ = {isa = PBXBuildFile; fileRef = 4B88B47F2B488C6000F5F0F4 /* GainsTests.swift */; };
		4B88B48A2B488C6000F5F0F4 /* GainsUITests.swift in Sources */ = {isa = PBXBuildFile; fileRef = 4B88B4892B488C6000F5F0F4 /* GainsUITests.swift */; };
		4B88B48C2B488C6000F5F0F4 /* GainsUITestsLaunchTests.swift in Sources */ = {isa = PBXBuildFile; fileRef = 4B88B48B2B488C6000F5F0F4 /* GainsUITestsLaunchTests.swift */; };
		4B88B4A22B488DDF00F5F0F4 /* Kingfisher in Frameworks */ = {isa = PBXBuildFile; productRef = 4B88B4A12B488DDF00F5F0F4 /* Kingfisher */; };
		4B88B4A42B488F3E00F5F0F4 /* GoogleService-Info.plist in Resources */ = {isa = PBXBuildFile; fileRef = 4B88B4A32B488F3E00F5F0F4 /* GoogleService-Info.plist */; };
		4B88B4A72B488FAD00F5F0F4 /* FirebaseAnalytics in Frameworks */ = {isa = PBXBuildFile; productRef = 4B88B4A62B488FAD00F5F0F4 /* FirebaseAnalytics */; };
		4B88B4B62B4891C600F5F0F4 /* LoginView.swift in Sources */ = {isa = PBXBuildFile; fileRef = 4B88B4B52B4891C600F5F0F4 /* LoginView.swift */; };
		4B9020D52B4F2BE000A4EDA3 /* FirebaseAuth in Frameworks */ = {isa = PBXBuildFile; productRef = 4B9020D42B4F2BE000A4EDA3 /* FirebaseAuth */; };
		4B9020D72B4F2BE100A4EDA3 /* FirebaseFirestore in Frameworks */ = {isa = PBXBuildFile; productRef = 4B9020D62B4F2BE100A4EDA3 /* FirebaseFirestore */; };
		4B9020D92B4F2BE100A4EDA3 /* FirebaseFirestoreSwift in Frameworks */ = {isa = PBXBuildFile; productRef = 4B9020D82B4F2BE100A4EDA3 /* FirebaseFirestoreSwift */; };
		4B9020DB2B4F2BE100A4EDA3 /* FirebaseStorage in Frameworks */ = {isa = PBXBuildFile; productRef = 4B9020DA2B4F2BE100A4EDA3 /* FirebaseStorage */; };
		4B9020E12B4F2D9600A4EDA3 /* CurrentProfileView.swift in Sources */ = {isa = PBXBuildFile; fileRef = 4B9020E02B4F2D9600A4EDA3 /* CurrentProfileView.swift */; };
		4B9020E52B4F442800A4EDA3 /* ProfileHeaderView.swift in Sources */ = {isa = PBXBuildFile; fileRef = 4B9020E42B4F442800A4EDA3 /* ProfileHeaderView.swift */; };
		4B9020E72B4F446800A4EDA3 /* UserStatView.swift in Sources */ = {isa = PBXBuildFile; fileRef = 4B9020E62B4F446800A4EDA3 /* UserStatView.swift */; };
		4B9020E92B51C2F600A4EDA3 /* WorkoutService.swift in Sources */ = {isa = PBXBuildFile; fileRef = 4B9020E82B51C2F600A4EDA3 /* WorkoutService.swift */; };
		4B9020EB2B51C3BA00A4EDA3 /* ExerciseSet.swift in Sources */ = {isa = PBXBuildFile; fileRef = 4B9020EA2B51C3BA00A4EDA3 /* ExerciseSet.swift */; };
		4B9020ED2B51CB8500A4EDA3 /* PostService.swift in Sources */ = {isa = PBXBuildFile; fileRef = 4B9020EC2B51CB8500A4EDA3 /* PostService.swift */; };
		4B9020EF2B51D17A00A4EDA3 /* WorkoutSplitView.swift in Sources */ = {isa = PBXBuildFile; fileRef = 4B9020EE2B51D17A00A4EDA3 /* WorkoutSplitView.swift */; };
		4B9020F12B51DCE100A4EDA3 /* WorkoutCardView.swift in Sources */ = {isa = PBXBuildFile; fileRef = 4B9020F02B51DCE100A4EDA3 /* WorkoutCardView.swift */; };
		4B9020F32B51E93D00A4EDA3 /* MiniWorkSplitView.swift in Sources */ = {isa = PBXBuildFile; fileRef = 4B9020F22B51E93D00A4EDA3 /* MiniWorkSplitView.swift */; };
		4B9020F52B59B1E900A4EDA3 /* EditProfileView.swift in Sources */ = {isa = PBXBuildFile; fileRef = 4B9020F42B59B1E900A4EDA3 /* EditProfileView.swift */; };
		4B9020F92B59B22D00A4EDA3 /* EditProfileViewModel.swift in Sources */ = {isa = PBXBuildFile; fileRef = 4B9020F82B59B22D00A4EDA3 /* EditProfileViewModel.swift */; };
		4B9020FB2B59B2C500A4EDA3 /* ImageUploader.swift in Sources */ = {isa = PBXBuildFile; fileRef = 4B9020FA2B59B2C500A4EDA3 /* ImageUploader.swift */; };
		4B9020FE2B59D06200A4EDA3 /* UploadPostView.swift in Sources */ = {isa = PBXBuildFile; fileRef = 4B9020FD2B59D06200A4EDA3 /* UploadPostView.swift */; };
		4B9021002B59D0A700A4EDA3 /* UploadPostViewModel.swift in Sources */ = {isa = PBXBuildFile; fileRef = 4B9020FF2B59D0A700A4EDA3 /* UploadPostViewModel.swift */; };
		4B9021022B5ADF8A00A4EDA3 /* ProfileViewModel.swift in Sources */ = {isa = PBXBuildFile; fileRef = 4B9021012B5ADF8A00A4EDA3 /* ProfileViewModel.swift */; };
		4B9021042B5ADFB400A4EDA3 /* ProfilePostsView.swift in Sources */ = {isa = PBXBuildFile; fileRef = 4B9021032B5ADFB400A4EDA3 /* ProfilePostsView.swift */; };
		4B9021062B5AE23C00A4EDA3 /* MiniProfilePostsView.swift in Sources */ = {isa = PBXBuildFile; fileRef = 4B9021052B5AE23C00A4EDA3 /* MiniProfilePostsView.swift */; };
		4B9021082B5B120900A4EDA3 /* HomeViewModel.swift in Sources */ = {isa = PBXBuildFile; fileRef = 4B9021072B5B120900A4EDA3 /* HomeViewModel.swift */; };
		4B90210A2B5B13B000A4EDA3 /* ProfileView.swift in Sources */ = {isa = PBXBuildFile; fileRef = 4B9021092B5B13B000A4EDA3 /* ProfileView.swift */; };
		4B90210C2B641EE400A4EDA3 /* UserPostHeaderView.swift in Sources */ = {isa = PBXBuildFile; fileRef = 4B90210B2B641EE400A4EDA3 /* UserPostHeaderView.swift */; };
		4B90210E2B643B3300A4EDA3 /* AddWorkoutSplitView.swift in Sources */ = {isa = PBXBuildFile; fileRef = 4B90210D2B643B3300A4EDA3 /* AddWorkoutSplitView.swift */; };
		4B9021112B643EEC00A4EDA3 /* AddWorkoutSplitViewModel.swift in Sources */ = {isa = PBXBuildFile; fileRef = 4B9021102B643EEC00A4EDA3 /* AddWorkoutSplitViewModel.swift */; };
		4B9021152B682B9700A4EDA3 /* AddWorkoutView.swift in Sources */ = {isa = PBXBuildFile; fileRef = 4B9021142B682B9700A4EDA3 /* AddWorkoutView.swift */; };
		4B9C678F2B4EF56F00A7A6CC /* AddEmailView.swift in Sources */ = {isa = PBXBuildFile; fileRef = 4B9C678E2B4EF56F00A7A6CC /* AddEmailView.swift */; };
		4B9C67912B4EF59A00A7A6CC /* AddPasswordView.swift in Sources */ = {isa = PBXBuildFile; fileRef = 4B9C67902B4EF59A00A7A6CC /* AddPasswordView.swift */; };
		4B9C67932B4EF5AE00A7A6CC /* AddUsernameView.swift in Sources */ = {isa = PBXBuildFile; fileRef = 4B9C67922B4EF5AE00A7A6CC /* AddUsernameView.swift */; };
		4B9C67952B4EF79800A7A6CC /* LoginViewModel.swift in Sources */ = {isa = PBXBuildFile; fileRef = 4B9C67942B4EF79800A7A6CC /* LoginViewModel.swift */; };
		4B9C67972B4F060D00A7A6CC /* UserService.swift in Sources */ = {isa = PBXBuildFile; fileRef = 4B9C67962B4F060D00A7A6CC /* UserService.swift */; };
		4BF5E36A2B48A88C008E3216 /* RegisterView.swift in Sources */ = {isa = PBXBuildFile; fileRef = 4BF5E3692B48A88C008E3216 /* RegisterView.swift */; };
		4BF5E3722B48B2D0008E3216 /* TextFieldModifer.swift in Sources */ = {isa = PBXBuildFile; fileRef = 4BF5E3712B48B2D0008E3216 /* TextFieldModifer.swift */; };
		4BF5E3742B48BC72008E3216 /* RegisterViewModel.swift in Sources */ = {isa = PBXBuildFile; fileRef = 4BF5E3732B48BC72008E3216 /* RegisterViewModel.swift */; };
		4BF5E3762B48F6EC008E3216 /* AuthService.swift in Sources */ = {isa = PBXBuildFile; fileRef = 4BF5E3752B48F6EC008E3216 /* AuthService.swift */; };
		4BF5E3792B48F972008E3216 /* User.swift in Sources */ = {isa = PBXBuildFile; fileRef = 4BF5E3782B48F972008E3216 /* User.swift */; };
		4BF5E37B2B48FC92008E3216 /* ContentViewModel.swift in Sources */ = {isa = PBXBuildFile; fileRef = 4BF5E37A2B48FC91008E3216 /* ContentViewModel.swift */; };
		4BF5E37E2B4CA9DB008E3216 /* MainTabView.swift in Sources */ = {isa = PBXBuildFile; fileRef = 4BF5E37D2B4CA9DB008E3216 /* MainTabView.swift */; };
		4BF5E3812B4CAB29008E3216 /* HomeView.swift in Sources */ = {isa = PBXBuildFile; fileRef = 4BF5E3802B4CAB29008E3216 /* HomeView.swift */; };
		4BF5E3832B4CABD6008E3216 /* Post.swift in Sources */ = {isa = PBXBuildFile; fileRef = 4BF5E3822B4CABD6008E3216 /* Post.swift */; };
		4BF5E3852B4CB60D008E3216 /* WorkoutSplit.swift in Sources */ = {isa = PBXBuildFile; fileRef = 4BF5E3842B4CB60D008E3216 /* WorkoutSplit.swift */; };
		4BF5E3872B4CB8D3008E3216 /* Workout.swift in Sources */ = {isa = PBXBuildFile; fileRef = 4BF5E3862B4CB8D3008E3216 /* Workout.swift */; };
		4BF5E3892B4CB980008E3216 /* Exercise.swift in Sources */ = {isa = PBXBuildFile; fileRef = 4BF5E3882B4CB980008E3216 /* Exercise.swift */; };
		4BF5E38B2B4DE6AD008E3216 /* FeedCell.swift in Sources */ = {isa = PBXBuildFile; fileRef = 4BF5E38A2B4DE6AD008E3216 /* FeedCell.swift */; };
		4BF5E38D2B4DE783008E3216 /* CircularProfileImageView.swift in Sources */ = {isa = PBXBuildFile; fileRef = 4BF5E38C2B4DE782008E3216 /* CircularProfileImageView.swift */; };
/* End PBXBuildFile section */

/* Begin PBXContainerItemProxy section */
		4B88B47C2B488C6000F5F0F4 /* PBXContainerItemProxy */ = {
			isa = PBXContainerItemProxy;
			containerPortal = 4B88B4632B488C5E00F5F0F4 /* Project object */;
			proxyType = 1;
			remoteGlobalIDString = 4B88B46A2B488C5E00F5F0F4;
			remoteInfo = Gains;
		};
		4B88B4862B488C6000F5F0F4 /* PBXContainerItemProxy */ = {
			isa = PBXContainerItemProxy;
			containerPortal = 4B88B4632B488C5E00F5F0F4 /* Project object */;
			proxyType = 1;
			remoteGlobalIDString = 4B88B46A2B488C5E00F5F0F4;
			remoteInfo = Gains;
		};
/* End PBXContainerItemProxy section */

/* Begin PBXFileReference section */
		4B61AB092B6C1EDB006547C5 /* WorkoutSplitsView.swift */ = {isa = PBXFileReference; lastKnownFileType = sourcecode.swift; path = WorkoutSplitsView.swift; sourceTree = "<group>"; };
		4B61AB0C2B72C35B006547C5 /* InboxView.swift */ = {isa = PBXFileReference; lastKnownFileType = sourcecode.swift; path = InboxView.swift; sourceTree = "<group>"; };
		4B61AB0F2B72C456006547C5 /* ActiveNowView.swift */ = {isa = PBXFileReference; lastKnownFileType = sourcecode.swift; path = ActiveNowView.swift; sourceTree = "<group>"; };
		4B61AB112B72C61F006547C5 /* InboxRowView.swift */ = {isa = PBXFileReference; lastKnownFileType = sourcecode.swift; path = InboxRowView.swift; sourceTree = "<group>"; };
		4B61AB152B72CC1C006547C5 /* ChatView.swift */ = {isa = PBXFileReference; lastKnownFileType = sourcecode.swift; path = ChatView.swift; sourceTree = "<group>"; };
		4B61AB172B72CF10006547C5 /* ChatMessageCellView.swift */ = {isa = PBXFileReference; lastKnownFileType = sourcecode.swift; path = ChatMessageCellView.swift; sourceTree = "<group>"; };
		4B61AB192B72D1A1006547C5 /* ChatBubble.swift */ = {isa = PBXFileReference; lastKnownFileType = sourcecode.swift; path = ChatBubble.swift; sourceTree = "<group>"; };
		4B61AB1B2B72D4B8006547C5 /* InboxViewModel.swift */ = {isa = PBXFileReference; lastKnownFileType = sourcecode.swift; path = InboxViewModel.swift; sourceTree = "<group>"; };
		4B61AB1D2B72E04C006547C5 /* Message.swift */ = {isa = PBXFileReference; lastKnownFileType = sourcecode.swift; path = Message.swift; sourceTree = "<group>"; };
		4B61AB1F2B72E183006547C5 /* MessageService.swift */ = {isa = PBXFileReference; lastKnownFileType = sourcecode.swift; path = MessageService.swift; sourceTree = "<group>"; };
		4B61AB212B72E4A0006547C5 /* ChatViewModel.swift */ = {isa = PBXFileReference; lastKnownFileType = sourcecode.swift; path = ChatViewModel.swift; sourceTree = "<group>"; };
		4B61AB262B73DFB1006547C5 /* InboxService.swift */ = {isa = PBXFileReference; lastKnownFileType = sourcecode.swift; path = InboxService.swift; sourceTree = "<group>"; };
		4B61AB282B73EFE0006547C5 /* Date.swift */ = {isa = PBXFileReference; lastKnownFileType = sourcecode.swift; path = Date.swift; sourceTree = "<group>"; };
		4B61AB2A2B73F5FF006547C5 /* ActiveNowViewModel.swift */ = {isa = PBXFileReference; lastKnownFileType = sourcecode.swift; path = ActiveNowViewModel.swift; sourceTree = "<group>"; };
		4B88B46B2B488C5E00F5F0F4 /* Gains.app */ = {isa = PBXFileReference; explicitFileType = wrapper.application; includeInIndex = 0; path = Gains.app; sourceTree = BUILT_PRODUCTS_DIR; };
		4B88B46E2B488C5E00F5F0F4 /* GainsApp.swift */ = {isa = PBXFileReference; lastKnownFileType = sourcecode.swift; path = GainsApp.swift; sourceTree = "<group>"; };
		4B88B4702B488C5E00F5F0F4 /* ContentView.swift */ = {isa = PBXFileReference; lastKnownFileType = sourcecode.swift; path = ContentView.swift; sourceTree = "<group>"; };
		4B88B4722B488C6000F5F0F4 /* Assets.xcassets */ = {isa = PBXFileReference; lastKnownFileType = folder.assetcatalog; path = Assets.xcassets; sourceTree = "<group>"; };
		4B88B4752B488C6000F5F0F4 /* Preview Assets.xcassets */ = {isa = PBXFileReference; lastKnownFileType = folder.assetcatalog; path = "Preview Assets.xcassets"; sourceTree = "<group>"; };
		4B88B47B2B488C6000F5F0F4 /* GainsTests.xctest */ = {isa = PBXFileReference; explicitFileType = wrapper.cfbundle; includeInIndex = 0; path = GainsTests.xctest; sourceTree = BUILT_PRODUCTS_DIR; };
		4B88B47F2B488C6000F5F0F4 /* GainsTests.swift */ = {isa = PBXFileReference; lastKnownFileType = sourcecode.swift; path = GainsTests.swift; sourceTree = "<group>"; };
		4B88B4852B488C6000F5F0F4 /* GainsUITests.xctest */ = {isa = PBXFileReference; explicitFileType = wrapper.cfbundle; includeInIndex = 0; path = GainsUITests.xctest; sourceTree = BUILT_PRODUCTS_DIR; };
		4B88B4892B488C6000F5F0F4 /* GainsUITests.swift */ = {isa = PBXFileReference; lastKnownFileType = sourcecode.swift; path = GainsUITests.swift; sourceTree = "<group>"; };
		4B88B48B2B488C6000F5F0F4 /* GainsUITestsLaunchTests.swift */ = {isa = PBXFileReference; lastKnownFileType = sourcecode.swift; path = GainsUITestsLaunchTests.swift; sourceTree = "<group>"; };
		4B88B4A32B488F3E00F5F0F4 /* GoogleService-Info.plist */ = {isa = PBXFileReference; fileEncoding = 4; lastKnownFileType = text.plist.xml; path = "GoogleService-Info.plist"; sourceTree = "<group>"; };
		4B88B4B52B4891C600F5F0F4 /* LoginView.swift */ = {isa = PBXFileReference; lastKnownFileType = sourcecode.swift; path = LoginView.swift; sourceTree = "<group>"; };
		4B9020E02B4F2D9600A4EDA3 /* CurrentProfileView.swift */ = {isa = PBXFileReference; lastKnownFileType = sourcecode.swift; path = CurrentProfileView.swift; sourceTree = "<group>"; };
		4B9020E42B4F442800A4EDA3 /* ProfileHeaderView.swift */ = {isa = PBXFileReference; lastKnownFileType = sourcecode.swift; path = ProfileHeaderView.swift; sourceTree = "<group>"; };
		4B9020E62B4F446800A4EDA3 /* UserStatView.swift */ = {isa = PBXFileReference; lastKnownFileType = sourcecode.swift; path = UserStatView.swift; sourceTree = "<group>"; };
		4B9020E82B51C2F600A4EDA3 /* WorkoutService.swift */ = {isa = PBXFileReference; lastKnownFileType = sourcecode.swift; path = WorkoutService.swift; sourceTree = "<group>"; };
		4B9020EA2B51C3BA00A4EDA3 /* ExerciseSet.swift */ = {isa = PBXFileReference; lastKnownFileType = sourcecode.swift; path = ExerciseSet.swift; sourceTree = "<group>"; };
		4B9020EC2B51CB8500A4EDA3 /* PostService.swift */ = {isa = PBXFileReference; lastKnownFileType = sourcecode.swift; path = PostService.swift; sourceTree = "<group>"; };
		4B9020EE2B51D17A00A4EDA3 /* WorkoutSplitView.swift */ = {isa = PBXFileReference; lastKnownFileType = sourcecode.swift; path = WorkoutSplitView.swift; sourceTree = "<group>"; };
		4B9020F02B51DCE100A4EDA3 /* WorkoutCardView.swift */ = {isa = PBXFileReference; lastKnownFileType = sourcecode.swift; path = WorkoutCardView.swift; sourceTree = "<group>"; };
		4B9020F22B51E93D00A4EDA3 /* MiniWorkSplitView.swift */ = {isa = PBXFileReference; lastKnownFileType = sourcecode.swift; path = MiniWorkSplitView.swift; sourceTree = "<group>"; };
		4B9020F42B59B1E900A4EDA3 /* EditProfileView.swift */ = {isa = PBXFileReference; lastKnownFileType = sourcecode.swift; path = EditProfileView.swift; sourceTree = "<group>"; };
		4B9020F82B59B22D00A4EDA3 /* EditProfileViewModel.swift */ = {isa = PBXFileReference; lastKnownFileType = sourcecode.swift; path = EditProfileViewModel.swift; sourceTree = "<group>"; };
		4B9020FA2B59B2C500A4EDA3 /* ImageUploader.swift */ = {isa = PBXFileReference; lastKnownFileType = sourcecode.swift; path = ImageUploader.swift; sourceTree = "<group>"; };
		4B9020FD2B59D06200A4EDA3 /* UploadPostView.swift */ = {isa = PBXFileReference; lastKnownFileType = sourcecode.swift; path = UploadPostView.swift; sourceTree = "<group>"; };
		4B9020FF2B59D0A700A4EDA3 /* UploadPostViewModel.swift */ = {isa = PBXFileReference; lastKnownFileType = sourcecode.swift; path = UploadPostViewModel.swift; sourceTree = "<group>"; };
		4B9021012B5ADF8A00A4EDA3 /* ProfileViewModel.swift */ = {isa = PBXFileReference; lastKnownFileType = sourcecode.swift; path = ProfileViewModel.swift; sourceTree = "<group>"; };
		4B9021032B5ADFB400A4EDA3 /* ProfilePostsView.swift */ = {isa = PBXFileReference; lastKnownFileType = sourcecode.swift; path = ProfilePostsView.swift; sourceTree = "<group>"; };
		4B9021052B5AE23C00A4EDA3 /* MiniProfilePostsView.swift */ = {isa = PBXFileReference; lastKnownFileType = sourcecode.swift; path = MiniProfilePostsView.swift; sourceTree = "<group>"; };
		4B9021072B5B120900A4EDA3 /* HomeViewModel.swift */ = {isa = PBXFileReference; lastKnownFileType = sourcecode.swift; path = HomeViewModel.swift; sourceTree = "<group>"; };
		4B9021092B5B13B000A4EDA3 /* ProfileView.swift */ = {isa = PBXFileReference; lastKnownFileType = sourcecode.swift; path = ProfileView.swift; sourceTree = "<group>"; };
		4B90210B2B641EE400A4EDA3 /* UserPostHeaderView.swift */ = {isa = PBXFileReference; lastKnownFileType = sourcecode.swift; path = UserPostHeaderView.swift; sourceTree = "<group>"; };
		4B90210D2B643B3300A4EDA3 /* AddWorkoutSplitView.swift */ = {isa = PBXFileReference; lastKnownFileType = sourcecode.swift; path = AddWorkoutSplitView.swift; sourceTree = "<group>"; };
		4B9021102B643EEC00A4EDA3 /* AddWorkoutSplitViewModel.swift */ = {isa = PBXFileReference; lastKnownFileType = sourcecode.swift; path = AddWorkoutSplitViewModel.swift; sourceTree = "<group>"; };
		4B9021142B682B9700A4EDA3 /* AddWorkoutView.swift */ = {isa = PBXFileReference; lastKnownFileType = sourcecode.swift; path = AddWorkoutView.swift; sourceTree = "<group>"; };
		4B9C678E2B4EF56F00A7A6CC /* AddEmailView.swift */ = {isa = PBXFileReference; lastKnownFileType = sourcecode.swift; path = AddEmailView.swift; sourceTree = "<group>"; };
		4B9C67902B4EF59A00A7A6CC /* AddPasswordView.swift */ = {isa = PBXFileReference; lastKnownFileType = sourcecode.swift; path = AddPasswordView.swift; sourceTree = "<group>"; };
		4B9C67922B4EF5AE00A7A6CC /* AddUsernameView.swift */ = {isa = PBXFileReference; lastKnownFileType = sourcecode.swift; path = AddUsernameView.swift; sourceTree = "<group>"; };
		4B9C67942B4EF79800A7A6CC /* LoginViewModel.swift */ = {isa = PBXFileReference; lastKnownFileType = sourcecode.swift; path = LoginViewModel.swift; sourceTree = "<group>"; };
		4B9C67962B4F060D00A7A6CC /* UserService.swift */ = {isa = PBXFileReference; lastKnownFileType = sourcecode.swift; path = UserService.swift; sourceTree = "<group>"; };
		4BF5E3692B48A88C008E3216 /* RegisterView.swift */ = {isa = PBXFileReference; lastKnownFileType = sourcecode.swift; path = RegisterView.swift; sourceTree = "<group>"; };
		4BF5E3712B48B2D0008E3216 /* TextFieldModifer.swift */ = {isa = PBXFileReference; lastKnownFileType = sourcecode.swift; path = TextFieldModifer.swift; sourceTree = "<group>"; };
		4BF5E3732B48BC72008E3216 /* RegisterViewModel.swift */ = {isa = PBXFileReference; lastKnownFileType = sourcecode.swift; path = RegisterViewModel.swift; sourceTree = "<group>"; };
		4BF5E3752B48F6EC008E3216 /* AuthService.swift */ = {isa = PBXFileReference; lastKnownFileType = sourcecode.swift; name = AuthService.swift; path = ../../../Services/AuthService.swift; sourceTree = "<group>"; };
		4BF5E3782B48F972008E3216 /* User.swift */ = {isa = PBXFileReference; lastKnownFileType = sourcecode.swift; path = User.swift; sourceTree = "<group>"; };
		4BF5E37A2B48FC91008E3216 /* ContentViewModel.swift */ = {isa = PBXFileReference; lastKnownFileType = sourcecode.swift; path = ContentViewModel.swift; sourceTree = "<group>"; };
		4BF5E37D2B4CA9DB008E3216 /* MainTabView.swift */ = {isa = PBXFileReference; lastKnownFileType = sourcecode.swift; path = MainTabView.swift; sourceTree = "<group>"; };
		4BF5E3802B4CAB29008E3216 /* HomeView.swift */ = {isa = PBXFileReference; lastKnownFileType = sourcecode.swift; path = HomeView.swift; sourceTree = "<group>"; };
		4BF5E3822B4CABD6008E3216 /* Post.swift */ = {isa = PBXFileReference; lastKnownFileType = sourcecode.swift; path = Post.swift; sourceTree = "<group>"; };
		4BF5E3842B4CB60D008E3216 /* WorkoutSplit.swift */ = {isa = PBXFileReference; lastKnownFileType = sourcecode.swift; path = WorkoutSplit.swift; sourceTree = "<group>"; };
		4BF5E3862B4CB8D3008E3216 /* Workout.swift */ = {isa = PBXFileReference; lastKnownFileType = sourcecode.swift; path = Workout.swift; sourceTree = "<group>"; };
		4BF5E3882B4CB980008E3216 /* Exercise.swift */ = {isa = PBXFileReference; lastKnownFileType = sourcecode.swift; path = Exercise.swift; sourceTree = "<group>"; };
		4BF5E38A2B4DE6AD008E3216 /* FeedCell.swift */ = {isa = PBXFileReference; lastKnownFileType = sourcecode.swift; path = FeedCell.swift; sourceTree = "<group>"; };
		4BF5E38C2B4DE782008E3216 /* CircularProfileImageView.swift */ = {isa = PBXFileReference; lastKnownFileType = sourcecode.swift; path = CircularProfileImageView.swift; sourceTree = "<group>"; };
/* End PBXFileReference section */

/* Begin PBXFrameworksBuildPhase section */
		4B88B4682B488C5E00F5F0F4 /* Frameworks */ = {
			isa = PBXFrameworksBuildPhase;
			buildActionMask = 2147483647;
			files = (
				4B9020D92B4F2BE100A4EDA3 /* FirebaseFirestoreSwift in Frameworks */,
				4B88B4A72B488FAD00F5F0F4 /* FirebaseAnalytics in Frameworks */,
				4B9020D72B4F2BE100A4EDA3 /* FirebaseFirestore in Frameworks */,
				4B9020D52B4F2BE000A4EDA3 /* FirebaseAuth in Frameworks */,
				4B88B4A22B488DDF00F5F0F4 /* Kingfisher in Frameworks */,
				4B9020DB2B4F2BE100A4EDA3 /* FirebaseStorage in Frameworks */,
			);
			runOnlyForDeploymentPostprocessing = 0;
		};
		4B88B4782B488C6000F5F0F4 /* Frameworks */ = {
			isa = PBXFrameworksBuildPhase;
			buildActionMask = 2147483647;
			files = (
			);
			runOnlyForDeploymentPostprocessing = 0;
		};
		4B88B4822B488C6000F5F0F4 /* Frameworks */ = {
			isa = PBXFrameworksBuildPhase;
			buildActionMask = 2147483647;
			files = (
			);
			runOnlyForDeploymentPostprocessing = 0;
		};
/* End PBXFrameworksBuildPhase section */

/* Begin PBXGroup section */
		4B61AB0B2B72C333006547C5 /* Messaging */ = {
			isa = PBXGroup;
			children = (
				4B61AB142B72CC10006547C5 /* Chat */,
				4B61AB132B72C62A006547C5 /* Inbox */,
				4B61AB0E2B72C43A006547C5 /* ActiveNow */,
			);
			path = Messaging;
			sourceTree = "<group>";
		};
		4B61AB0E2B72C43A006547C5 /* ActiveNow */ = {
			isa = PBXGroup;
			children = (
				4B61AB0F2B72C456006547C5 /* ActiveNowView.swift */,
				4B61AB2A2B73F5FF006547C5 /* ActiveNowViewModel.swift */,
			);
			path = ActiveNow;
			sourceTree = "<group>";
		};
		4B61AB132B72C62A006547C5 /* Inbox */ = {
			isa = PBXGroup;
			children = (
				4B61AB0C2B72C35B006547C5 /* InboxView.swift */,
				4B61AB112B72C61F006547C5 /* InboxRowView.swift */,
				4B61AB1B2B72D4B8006547C5 /* InboxViewModel.swift */,
				4B61AB262B73DFB1006547C5 /* InboxService.swift */,
			);
			path = Inbox;
			sourceTree = "<group>";
		};
		4B61AB142B72CC10006547C5 /* Chat */ = {
			isa = PBXGroup;
			children = (
				4B61AB152B72CC1C006547C5 /* ChatView.swift */,
				4B61AB172B72CF10006547C5 /* ChatMessageCellView.swift */,
				4B61AB192B72D1A1006547C5 /* ChatBubble.swift */,
				4B61AB212B72E4A0006547C5 /* ChatViewModel.swift */,
			);
			path = Chat;
			sourceTree = "<group>";
		};
		4B61AB232B72F43E006547C5 /* Utils */ = {
			isa = PBXGroup;
			children = (
			);
			path = Utils;
			sourceTree = "<group>";
		};
		4B88B4622B488C5E00F5F0F4 = {
			isa = PBXGroup;
			children = (
				4B88B46D2B488C5E00F5F0F4 /* Gains */,
				4B88B47E2B488C6000F5F0F4 /* GainsTests */,
				4B88B4882B488C6000F5F0F4 /* GainsUITests */,
				4B88B46C2B488C5E00F5F0F4 /* Products */,
				4B88B4A82B48903D00F5F0F4 /* Frameworks */,
			);
			sourceTree = "<group>";
		};
		4B88B46C2B488C5E00F5F0F4 /* Products */ = {
			isa = PBXGroup;
			children = (
				4B88B46B2B488C5E00F5F0F4 /* Gains.app */,
				4B88B47B2B488C6000F5F0F4 /* GainsTests.xctest */,
				4B88B4852B488C6000F5F0F4 /* GainsUITests.xctest */,
			);
			name = Products;
			sourceTree = "<group>";
		};
		4B88B46D2B488C5E00F5F0F4 /* Gains */ = {
			isa = PBXGroup;
			children = (
				4B88B4982B488CC600F5F0F4 /* App */,
				4B88B4992B488CCB00F5F0F4 /* Core */,
				4B88B49A2B488CD900F5F0F4 /* Extensions */,
				4B88B49D2B488D2300F5F0F4 /* Model */,
				4B88B49B2B488CE500F5F0F4 /* Services */,
				4B61AB232B72F43E006547C5 /* Utils */,
				4B88B4A32B488F3E00F5F0F4 /* GoogleService-Info.plist */,
				4B88B4722B488C6000F5F0F4 /* Assets.xcassets */,
				4B88B4742B488C6000F5F0F4 /* Preview Content */,
			);
			path = Gains;
			sourceTree = "<group>";
		};
		4B88B4742B488C6000F5F0F4 /* Preview Content */ = {
			isa = PBXGroup;
			children = (
				4B88B4752B488C6000F5F0F4 /* Preview Assets.xcassets */,
			);
			path = "Preview Content";
			sourceTree = "<group>";
		};
		4B88B47E2B488C6000F5F0F4 /* GainsTests */ = {
			isa = PBXGroup;
			children = (
				4B88B47F2B488C6000F5F0F4 /* GainsTests.swift */,
			);
			path = GainsTests;
			sourceTree = "<group>";
		};
		4B88B4882B488C6000F5F0F4 /* GainsUITests */ = {
			isa = PBXGroup;
			children = (
				4B88B4892B488C6000F5F0F4 /* GainsUITests.swift */,
				4B88B48B2B488C6000F5F0F4 /* GainsUITestsLaunchTests.swift */,
			);
			path = GainsUITests;
			sourceTree = "<group>";
		};
		4B88B4982B488CC600F5F0F4 /* App */ = {
			isa = PBXGroup;
			children = (
				4B88B46E2B488C5E00F5F0F4 /* GainsApp.swift */,
			);
			path = App;
			sourceTree = "<group>";
		};
		4B88B4992B488CCB00F5F0F4 /* Core */ = {
			isa = PBXGroup;
			children = (
				4BF5E37F2B4CAB12008E3216 /* TabViews */,
				4B88B49E2B488D3500F5F0F4 /* Authentication */,
				4B88B49C2B488CED00F5F0F4 /* Components */,
				4B88B49F2B488D4400F5F0F4 /* Root */,
				4BF5E37C2B4CA9B5008E3216 /* TabBar */,
			);
			path = Core;
			sourceTree = "<group>";
		};
		4B88B49A2B488CD900F5F0F4 /* Extensions */ = {
			isa = PBXGroup;
			children = (
				4B61AB282B73EFE0006547C5 /* Date.swift */,
			);
			path = Extensions;
			sourceTree = "<group>";
		};
		4B88B49B2B488CE500F5F0F4 /* Services */ = {
			isa = PBXGroup;
			children = (
				4B9C67962B4F060D00A7A6CC /* UserService.swift */,
				4B9020E82B51C2F600A4EDA3 /* WorkoutService.swift */,
				4B9020EC2B51CB8500A4EDA3 /* PostService.swift */,
				4B9020FA2B59B2C500A4EDA3 /* ImageUploader.swift */,
				4B61AB1F2B72E183006547C5 /* MessageService.swift */,
			);
			path = Services;
			sourceTree = "<group>";
		};
		4B88B49C2B488CED00F5F0F4 /* Components */ = {
			isa = PBXGroup;
			children = (
				4BF5E3712B48B2D0008E3216 /* TextFieldModifer.swift */,
				4BF5E38A2B4DE6AD008E3216 /* FeedCell.swift */,
				4BF5E38C2B4DE782008E3216 /* CircularProfileImageView.swift */,
				4B9020E62B4F446800A4EDA3 /* UserStatView.swift */,
				4B9020EE2B51D17A00A4EDA3 /* WorkoutSplitView.swift */,
				4B9020F02B51DCE100A4EDA3 /* WorkoutCardView.swift */,
				4B9020F22B51E93D00A4EDA3 /* MiniWorkSplitView.swift */,
				4B9021052B5AE23C00A4EDA3 /* MiniProfilePostsView.swift */,
				4B90210B2B641EE400A4EDA3 /* UserPostHeaderView.swift */,
			);
			path = Components;
			sourceTree = "<group>";
		};
		4B88B49D2B488D2300F5F0F4 /* Model */ = {
			isa = PBXGroup;
			children = (
				4BF5E3782B48F972008E3216 /* User.swift */,
				4BF5E3822B4CABD6008E3216 /* Post.swift */,
				4BF5E3842B4CB60D008E3216 /* WorkoutSplit.swift */,
				4BF5E3862B4CB8D3008E3216 /* Workout.swift */,
				4BF5E3882B4CB980008E3216 /* Exercise.swift */,
				4B9020EA2B51C3BA00A4EDA3 /* ExerciseSet.swift */,
				4B61AB1D2B72E04C006547C5 /* Message.swift */,
			);
			path = Model;
			sourceTree = "<group>";
		};
		4B88B49E2B488D3500F5F0F4 /* Authentication */ = {
			isa = PBXGroup;
			children = (
				4BF5E3772B48F798008E3216 /* ViewModel */,
				4B88B4B42B4891B600F5F0F4 /* View */,
				4B88B4B12B48917200F5F0F4 /* Service */,
			);
			path = Authentication;
			sourceTree = "<group>";
		};
		4B88B49F2B488D4400F5F0F4 /* Root */ = {
			isa = PBXGroup;
			children = (
				4B9020DD2B4F2D0400A4EDA3 /* View */,
				4B9020DC2B4F2CF900A4EDA3 /* ViewModel */,
			);
			path = Root;
			sourceTree = "<group>";
		};
		4B88B4A82B48903D00F5F0F4 /* Frameworks */ = {
			isa = PBXGroup;
			children = (
			);
			name = Frameworks;
			sourceTree = "<group>";
		};
		4B88B4B12B48917200F5F0F4 /* Service */ = {
			isa = PBXGroup;
			children = (
				4BF5E3752B48F6EC008E3216 /* AuthService.swift */,
			);
			path = Service;
			sourceTree = "<group>";
		};
		4B88B4B42B4891B600F5F0F4 /* View */ = {
			isa = PBXGroup;
			children = (
				4B88B4B52B4891C600F5F0F4 /* LoginView.swift */,
				4B9C67902B4EF59A00A7A6CC /* AddPasswordView.swift */,
				4B9C678E2B4EF56F00A7A6CC /* AddEmailView.swift */,
				4B9C67922B4EF5AE00A7A6CC /* AddUsernameView.swift */,
				4BF5E3692B48A88C008E3216 /* RegisterView.swift */,
			);
			path = View;
			sourceTree = "<group>";
		};
		4B9020DC2B4F2CF900A4EDA3 /* ViewModel */ = {
			isa = PBXGroup;
			children = (
				4BF5E37A2B48FC91008E3216 /* ContentViewModel.swift */,
			);
			path = ViewModel;
			sourceTree = "<group>";
		};
		4B9020DD2B4F2D0400A4EDA3 /* View */ = {
			isa = PBXGroup;
			children = (
				4B88B4702B488C5E00F5F0F4 /* ContentView.swift */,
			);
			path = View;
			sourceTree = "<group>";
		};
		4B9020DE2B4F2D4A00A4EDA3 /* TabViewModel */ = {
			isa = PBXGroup;
			children = (
			);
			path = TabViewModel;
			sourceTree = "<group>";
		};
		4B9020DF2B4F2D7D00A4EDA3 /* TabViews */ = {
			isa = PBXGroup;
			children = (
				4B61AB0B2B72C333006547C5 /* Messaging */,
				4B90210F2B643EC900A4EDA3 /* WorkoutSplit */,
				4B9020FC2B59D04A00A4EDA3 /* UploadPost */,
				4B9020E32B4F440E00A4EDA3 /* Profile */,
				4B9020E22B4F43FB00A4EDA3 /* HomeView */,
			);
			path = TabViews;
			sourceTree = "<group>";
		};
		4B9020E22B4F43FB00A4EDA3 /* HomeView */ = {
			isa = PBXGroup;
			children = (
				4BF5E3802B4CAB29008E3216 /* HomeView.swift */,
				4B9021072B5B120900A4EDA3 /* HomeViewModel.swift */,
			);
			path = HomeView;
			sourceTree = "<group>";
		};
		4B9020E32B4F440E00A4EDA3 /* Profile */ = {
			isa = PBXGroup;
			children = (
				4B9020F72B59B22000A4EDA3 /* ViewModel */,
				4B9020F62B59B20F00A4EDA3 /* View */,
			);
			path = Profile;
			sourceTree = "<group>";
		};
		4B9020F62B59B20F00A4EDA3 /* View */ = {
			isa = PBXGroup;
			children = (
				4B9020E02B4F2D9600A4EDA3 /* CurrentProfileView.swift */,
				4B9020E42B4F442800A4EDA3 /* ProfileHeaderView.swift */,
				4B9020F42B59B1E900A4EDA3 /* EditProfileView.swift */,
				4B9021032B5ADFB400A4EDA3 /* ProfilePostsView.swift */,
				4B9021092B5B13B000A4EDA3 /* ProfileView.swift */,
				4B61AB092B6C1EDB006547C5 /* WorkoutSplitsView.swift */,
			);
			path = View;
			sourceTree = "<group>";
		};
		4B9020F72B59B22000A4EDA3 /* ViewModel */ = {
			isa = PBXGroup;
			children = (
				4B9020F82B59B22D00A4EDA3 /* EditProfileViewModel.swift */,
				4B9021012B5ADF8A00A4EDA3 /* ProfileViewModel.swift */,
			);
			path = ViewModel;
			sourceTree = "<group>";
		};
		4B9020FC2B59D04A00A4EDA3 /* UploadPost */ = {
			isa = PBXGroup;
			children = (
				4B9020FD2B59D06200A4EDA3 /* UploadPostView.swift */,
				4B9020FF2B59D0A700A4EDA3 /* UploadPostViewModel.swift */,
			);
			path = UploadPost;
			sourceTree = "<group>";
		};
		4B90210F2B643EC900A4EDA3 /* WorkoutSplit */ = {
			isa = PBXGroup;
			children = (
				4B9021102B643EEC00A4EDA3 /* AddWorkoutSplitViewModel.swift */,
				4B90210D2B643B3300A4EDA3 /* AddWorkoutSplitView.swift */,
				4B9021142B682B9700A4EDA3 /* AddWorkoutView.swift */,
			);
			path = WorkoutSplit;
			sourceTree = "<group>";
		};
		4BF5E3772B48F798008E3216 /* ViewModel */ = {
			isa = PBXGroup;
			children = (
				4BF5E3732B48BC72008E3216 /* RegisterViewModel.swift */,
				4B9C67942B4EF79800A7A6CC /* LoginViewModel.swift */,
			);
			path = ViewModel;
			sourceTree = "<group>";
		};
		4BF5E37C2B4CA9B5008E3216 /* TabBar */ = {
			isa = PBXGroup;
			children = (
				4BF5E37D2B4CA9DB008E3216 /* MainTabView.swift */,
			);
			path = TabBar;
			sourceTree = "<group>";
		};
		4BF5E37F2B4CAB12008E3216 /* TabViews */ = {
			isa = PBXGroup;
			children = (
				4B9020DF2B4F2D7D00A4EDA3 /* TabViews */,
				4B9020DE2B4F2D4A00A4EDA3 /* TabViewModel */,
			);
			path = TabViews;
			sourceTree = "<group>";
		};
/* End PBXGroup section */

/* Begin PBXNativeTarget section */
		4B88B46A2B488C5E00F5F0F4 /* Gains */ = {
			isa = PBXNativeTarget;
			buildConfigurationList = 4B88B48F2B488C6000F5F0F4 /* Build configuration list for PBXNativeTarget "Gains" */;
			buildPhases = (
				4B88B4672B488C5E00F5F0F4 /* Sources */,
				4B88B4682B488C5E00F5F0F4 /* Frameworks */,
				4B88B4692B488C5E00F5F0F4 /* Resources */,
			);
			buildRules = (
			);
			dependencies = (
			);
			name = Gains;
			packageProductDependencies = (
				4B88B4A12B488DDF00F5F0F4 /* Kingfisher */,
				4B88B4A62B488FAD00F5F0F4 /* FirebaseAnalytics */,
				4B9020D42B4F2BE000A4EDA3 /* FirebaseAuth */,
				4B9020D62B4F2BE100A4EDA3 /* FirebaseFirestore */,
				4B9020D82B4F2BE100A4EDA3 /* FirebaseFirestoreSwift */,
				4B9020DA2B4F2BE100A4EDA3 /* FirebaseStorage */,
			);
			productName = Gains;
			productReference = 4B88B46B2B488C5E00F5F0F4 /* Gains.app */;
			productType = "com.apple.product-type.application";
		};
		4B88B47A2B488C6000F5F0F4 /* GainsTests */ = {
			isa = PBXNativeTarget;
			buildConfigurationList = 4B88B4922B488C6000F5F0F4 /* Build configuration list for PBXNativeTarget "GainsTests" */;
			buildPhases = (
				4B88B4772B488C6000F5F0F4 /* Sources */,
				4B88B4782B488C6000F5F0F4 /* Frameworks */,
				4B88B4792B488C6000F5F0F4 /* Resources */,
			);
			buildRules = (
			);
			dependencies = (
				4B88B47D2B488C6000F5F0F4 /* PBXTargetDependency */,
			);
			name = GainsTests;
			productName = GainsTests;
			productReference = 4B88B47B2B488C6000F5F0F4 /* GainsTests.xctest */;
			productType = "com.apple.product-type.bundle.unit-test";
		};
		4B88B4842B488C6000F5F0F4 /* GainsUITests */ = {
			isa = PBXNativeTarget;
			buildConfigurationList = 4B88B4952B488C6000F5F0F4 /* Build configuration list for PBXNativeTarget "GainsUITests" */;
			buildPhases = (
				4B88B4812B488C6000F5F0F4 /* Sources */,
				4B88B4822B488C6000F5F0F4 /* Frameworks */,
				4B88B4832B488C6000F5F0F4 /* Resources */,
			);
			buildRules = (
			);
			dependencies = (
				4B88B4872B488C6000F5F0F4 /* PBXTargetDependency */,
			);
			name = GainsUITests;
			productName = GainsUITests;
			productReference = 4B88B4852B488C6000F5F0F4 /* GainsUITests.xctest */;
			productType = "com.apple.product-type.bundle.ui-testing";
		};
/* End PBXNativeTarget section */

/* Begin PBXProject section */
		4B88B4632B488C5E00F5F0F4 /* Project object */ = {
			isa = PBXProject;
			attributes = {
				BuildIndependentTargetsInParallel = 1;
				LastSwiftUpdateCheck = 1510;
				LastUpgradeCheck = 1510;
				TargetAttributes = {
					4B88B46A2B488C5E00F5F0F4 = {
						CreatedOnToolsVersion = 15.1;
					};
					4B88B47A2B488C6000F5F0F4 = {
						CreatedOnToolsVersion = 15.1;
						TestTargetID = 4B88B46A2B488C5E00F5F0F4;
					};
					4B88B4842B488C6000F5F0F4 = {
						CreatedOnToolsVersion = 15.1;
						TestTargetID = 4B88B46A2B488C5E00F5F0F4;
					};
				};
			};
			buildConfigurationList = 4B88B4662B488C5E00F5F0F4 /* Build configuration list for PBXProject "Gains" */;
			compatibilityVersion = "Xcode 14.0";
			developmentRegion = en;
			hasScannedForEncodings = 0;
			knownRegions = (
				en,
				Base,
			);
			mainGroup = 4B88B4622B488C5E00F5F0F4;
			packageReferences = (
				4B88B4A02B488DDF00F5F0F4 /* XCRemoteSwiftPackageReference "Kingfisher" */,
				4B88B4A52B488FAD00F5F0F4 /* XCRemoteSwiftPackageReference "firebase-ios-sdk" */,
			);
			productRefGroup = 4B88B46C2B488C5E00F5F0F4 /* Products */;
			projectDirPath = "";
			projectRoot = "";
			targets = (
				4B88B46A2B488C5E00F5F0F4 /* Gains */,
				4B88B47A2B488C6000F5F0F4 /* GainsTests */,
				4B88B4842B488C6000F5F0F4 /* GainsUITests */,
			);
		};
/* End PBXProject section */

/* Begin PBXResourcesBuildPhase section */
		4B88B4692B488C5E00F5F0F4 /* Resources */ = {
			isa = PBXResourcesBuildPhase;
			buildActionMask = 2147483647;
			files = (
				4B88B4762B488C6000F5F0F4 /* Preview Assets.xcassets in Resources */,
				4B88B4732B488C6000F5F0F4 /* Assets.xcassets in Resources */,
				4B88B4A42B488F3E00F5F0F4 /* GoogleService-Info.plist in Resources */,
			);
			runOnlyForDeploymentPostprocessing = 0;
		};
		4B88B4792B488C6000F5F0F4 /* Resources */ = {
			isa = PBXResourcesBuildPhase;
			buildActionMask = 2147483647;
			files = (
			);
			runOnlyForDeploymentPostprocessing = 0;
		};
		4B88B4832B488C6000F5F0F4 /* Resources */ = {
			isa = PBXResourcesBuildPhase;
			buildActionMask = 2147483647;
			files = (
			);
			runOnlyForDeploymentPostprocessing = 0;
		};
/* End PBXResourcesBuildPhase section */

/* Begin PBXSourcesBuildPhase section */
		4B88B4672B488C5E00F5F0F4 /* Sources */ = {
			isa = PBXSourcesBuildPhase;
			buildActionMask = 2147483647;
			files = (
				4BF5E36A2B48A88C008E3216 /* RegisterView.swift in Sources */,
				4BF5E3742B48BC72008E3216 /* RegisterViewModel.swift in Sources */,
				4B9020F52B59B1E900A4EDA3 /* EditProfileView.swift in Sources */,
				4B9021082B5B120900A4EDA3 /* HomeViewModel.swift in Sources */,
				4B9020F12B51DCE100A4EDA3 /* WorkoutCardView.swift in Sources */,
				4B61AB292B73EFE0006547C5 /* Date.swift in Sources */,
				4B61AB0A2B6C1EDC006547C5 /* WorkoutSplitsView.swift in Sources */,
				4BF5E3722B48B2D0008E3216 /* TextFieldModifer.swift in Sources */,
				4BF5E3832B4CABD6008E3216 /* Post.swift in Sources */,
				4B9021062B5AE23C00A4EDA3 /* MiniProfilePostsView.swift in Sources */,
				4B61AB102B72C456006547C5 /* ActiveNowView.swift in Sources */,
				4B9C67932B4EF5AE00A7A6CC /* AddUsernameView.swift in Sources */,
				4B88B4712B488C5E00F5F0F4 /* ContentView.swift in Sources */,
				4B9C67972B4F060D00A7A6CC /* UserService.swift in Sources */,
				4B9020E52B4F442800A4EDA3 /* ProfileHeaderView.swift in Sources */,
				4B9020E72B4F446800A4EDA3 /* UserStatView.swift in Sources */,
				4B90210A2B5B13B000A4EDA3 /* ProfileView.swift in Sources */,
				4B61AB1C2B72D4B8006547C5 /* InboxViewModel.swift in Sources */,
				4B9021002B59D0A700A4EDA3 /* UploadPostViewModel.swift in Sources */,
				4B9020EF2B51D17A00A4EDA3 /* WorkoutSplitView.swift in Sources */,
				4B90210C2B641EE400A4EDA3 /* UserPostHeaderView.swift in Sources */,
				4BF5E3892B4CB980008E3216 /* Exercise.swift in Sources */,
				4B61AB1E2B72E04C006547C5 /* Message.swift in Sources */,
				4BF5E3792B48F972008E3216 /* User.swift in Sources */,
				4BF5E3812B4CAB29008E3216 /* HomeView.swift in Sources */,
				4BF5E37B2B48FC92008E3216 /* ContentViewModel.swift in Sources */,
				4B9020FE2B59D06200A4EDA3 /* UploadPostView.swift in Sources */,
				4B9020F32B51E93D00A4EDA3 /* MiniWorkSplitView.swift in Sources */,
				4B88B4B62B4891C600F5F0F4 /* LoginView.swift in Sources */,
				4BF5E3872B4CB8D3008E3216 /* Workout.swift in Sources */,
				4B61AB1A2B72D1A1006547C5 /* ChatBubble.swift in Sources */,
				4B9020FB2B59B2C500A4EDA3 /* ImageUploader.swift in Sources */,
				4B61AB182B72CF10006547C5 /* ChatMessageCellView.swift in Sources */,
				4B61AB122B72C61F006547C5 /* InboxRowView.swift in Sources */,
				4B88B46F2B488C5E00F5F0F4 /* GainsApp.swift in Sources */,
				4BF5E3852B4CB60D008E3216 /* WorkoutSplit.swift in Sources */,
				4BF5E38D2B4DE783008E3216 /* CircularProfileImageView.swift in Sources */,
				4B9021152B682B9700A4EDA3 /* AddWorkoutView.swift in Sources */,
				4B9021112B643EEC00A4EDA3 /* AddWorkoutSplitViewModel.swift in Sources */,
				4BF5E38B2B4DE6AD008E3216 /* FeedCell.swift in Sources */,
				4B9021022B5ADF8A00A4EDA3 /* ProfileViewModel.swift in Sources */,
				4B9020E92B51C2F600A4EDA3 /* WorkoutService.swift in Sources */,
				4B9020E12B4F2D9600A4EDA3 /* CurrentProfileView.swift in Sources */,
				4B9020EB2B51C3BA00A4EDA3 /* ExerciseSet.swift in Sources */,
				4B9C678F2B4EF56F00A7A6CC /* AddEmailView.swift in Sources */,
				4B9020ED2B51CB8500A4EDA3 /* PostService.swift in Sources */,
				4B61AB272B73DFB1006547C5 /* InboxService.swift in Sources */,
				4BF5E3762B48F6EC008E3216 /* AuthService.swift in Sources */,
				4B61AB162B72CC1C006547C5 /* ChatView.swift in Sources */,
				4B9C67912B4EF59A00A7A6CC /* AddPasswordView.swift in Sources */,
				4BF5E37E2B4CA9DB008E3216 /* MainTabView.swift in Sources */,
				4B61AB0D2B72C35B006547C5 /* InboxView.swift in Sources */,
				4B61AB2B2B73F5FF006547C5 /* ActiveNowViewModel.swift in Sources */,
				4B61AB222B72E4A0006547C5 /* ChatViewModel.swift in Sources */,
				4B61AB202B72E183006547C5 /* MessageService.swift in Sources */,
				4B90210E2B643B3300A4EDA3 /* AddWorkoutSplitView.swift in Sources */,
				4B9020F92B59B22D00A4EDA3 /* EditProfileViewModel.swift in Sources */,
				4B9021042B5ADFB400A4EDA3 /* ProfilePostsView.swift in Sources */,
				4B9C67952B4EF79800A7A6CC /* LoginViewModel.swift in Sources */,
			);
			runOnlyForDeploymentPostprocessing = 0;
		};
		4B88B4772B488C6000F5F0F4 /* Sources */ = {
			isa = PBXSourcesBuildPhase;
			buildActionMask = 2147483647;
			files = (
				4B88B4802B488C6000F5F0F4 /* GainsTests.swift in Sources */,
			);
			runOnlyForDeploymentPostprocessing = 0;
		};
		4B88B4812B488C6000F5F0F4 /* Sources */ = {
			isa = PBXSourcesBuildPhase;
			buildActionMask = 2147483647;
			files = (
				4B88B48A2B488C6000F5F0F4 /* GainsUITests.swift in Sources */,
				4B88B48C2B488C6000F5F0F4 /* GainsUITestsLaunchTests.swift in Sources */,
			);
			runOnlyForDeploymentPostprocessing = 0;
		};
/* End PBXSourcesBuildPhase section */

/* Begin PBXTargetDependency section */
		4B88B47D2B488C6000F5F0F4 /* PBXTargetDependency */ = {
			isa = PBXTargetDependency;
			target = 4B88B46A2B488C5E00F5F0F4 /* Gains */;
			targetProxy = 4B88B47C2B488C6000F5F0F4 /* PBXContainerItemProxy */;
		};
		4B88B4872B488C6000F5F0F4 /* PBXTargetDependency */ = {
			isa = PBXTargetDependency;
			target = 4B88B46A2B488C5E00F5F0F4 /* Gains */;
			targetProxy = 4B88B4862B488C6000F5F0F4 /* PBXContainerItemProxy */;
		};
/* End PBXTargetDependency section */

/* Begin XCBuildConfiguration section */
		4B88B48D2B488C6000F5F0F4 /* Debug */ = {
			isa = XCBuildConfiguration;
			buildSettings = {
				ALWAYS_SEARCH_USER_PATHS = NO;
				ASSETCATALOG_COMPILER_GENERATE_SWIFT_ASSET_SYMBOL_EXTENSIONS = YES;
				CLANG_ANALYZER_NONNULL = YES;
				CLANG_ANALYZER_NUMBER_OBJECT_CONVERSION = YES_AGGRESSIVE;
				CLANG_CXX_LANGUAGE_STANDARD = "gnu++20";
				CLANG_ENABLE_MODULES = YES;
				CLANG_ENABLE_OBJC_ARC = YES;
				CLANG_ENABLE_OBJC_WEAK = YES;
				CLANG_WARN_BLOCK_CAPTURE_AUTORELEASING = YES;
				CLANG_WARN_BOOL_CONVERSION = YES;
				CLANG_WARN_COMMA = YES;
				CLANG_WARN_CONSTANT_CONVERSION = YES;
				CLANG_WARN_DEPRECATED_OBJC_IMPLEMENTATIONS = YES;
				CLANG_WARN_DIRECT_OBJC_ISA_USAGE = YES_ERROR;
				CLANG_WARN_DOCUMENTATION_COMMENTS = YES;
				CLANG_WARN_EMPTY_BODY = YES;
				CLANG_WARN_ENUM_CONVERSION = YES;
				CLANG_WARN_INFINITE_RECURSION = YES;
				CLANG_WARN_INT_CONVERSION = YES;
				CLANG_WARN_NON_LITERAL_NULL_CONVERSION = YES;
				CLANG_WARN_OBJC_IMPLICIT_RETAIN_SELF = YES;
				CLANG_WARN_OBJC_LITERAL_CONVERSION = YES;
				CLANG_WARN_OBJC_ROOT_CLASS = YES_ERROR;
				CLANG_WARN_QUOTED_INCLUDE_IN_FRAMEWORK_HEADER = YES;
				CLANG_WARN_RANGE_LOOP_ANALYSIS = YES;
				CLANG_WARN_STRICT_PROTOTYPES = YES;
				CLANG_WARN_SUSPICIOUS_MOVE = YES;
				CLANG_WARN_UNGUARDED_AVAILABILITY = YES_AGGRESSIVE;
				CLANG_WARN_UNREACHABLE_CODE = YES;
				CLANG_WARN__DUPLICATE_METHOD_MATCH = YES;
				COPY_PHASE_STRIP = NO;
				DEBUG_INFORMATION_FORMAT = dwarf;
				ENABLE_STRICT_OBJC_MSGSEND = YES;
				ENABLE_TESTABILITY = YES;
				ENABLE_USER_SCRIPT_SANDBOXING = YES;
				GCC_C_LANGUAGE_STANDARD = gnu17;
				GCC_DYNAMIC_NO_PIC = NO;
				GCC_NO_COMMON_BLOCKS = YES;
				GCC_OPTIMIZATION_LEVEL = 0;
				GCC_PREPROCESSOR_DEFINITIONS = (
					"DEBUG=1",
					"$(inherited)",
				);
				GCC_WARN_64_TO_32_BIT_CONVERSION = YES;
				GCC_WARN_ABOUT_RETURN_TYPE = YES_ERROR;
				GCC_WARN_UNDECLARED_SELECTOR = YES;
				GCC_WARN_UNINITIALIZED_AUTOS = YES_AGGRESSIVE;
				GCC_WARN_UNUSED_FUNCTION = YES;
				GCC_WARN_UNUSED_VARIABLE = YES;
				IPHONEOS_DEPLOYMENT_TARGET = 17.2;
				LOCALIZATION_PREFERS_STRING_CATALOGS = YES;
				MTL_ENABLE_DEBUG_INFO = INCLUDE_SOURCE;
				MTL_FAST_MATH = YES;
				ONLY_ACTIVE_ARCH = YES;
				SDKROOT = iphoneos;
				SWIFT_ACTIVE_COMPILATION_CONDITIONS = "DEBUG $(inherited)";
				SWIFT_OPTIMIZATION_LEVEL = "-Onone";
			};
			name = Debug;
		};
		4B88B48E2B488C6000F5F0F4 /* Release */ = {
			isa = XCBuildConfiguration;
			buildSettings = {
				ALWAYS_SEARCH_USER_PATHS = NO;
				ASSETCATALOG_COMPILER_GENERATE_SWIFT_ASSET_SYMBOL_EXTENSIONS = YES;
				CLANG_ANALYZER_NONNULL = YES;
				CLANG_ANALYZER_NUMBER_OBJECT_CONVERSION = YES_AGGRESSIVE;
				CLANG_CXX_LANGUAGE_STANDARD = "gnu++20";
				CLANG_ENABLE_MODULES = YES;
				CLANG_ENABLE_OBJC_ARC = YES;
				CLANG_ENABLE_OBJC_WEAK = YES;
				CLANG_WARN_BLOCK_CAPTURE_AUTORELEASING = YES;
				CLANG_WARN_BOOL_CONVERSION = YES;
				CLANG_WARN_COMMA = YES;
				CLANG_WARN_CONSTANT_CONVERSION = YES;
				CLANG_WARN_DEPRECATED_OBJC_IMPLEMENTATIONS = YES;
				CLANG_WARN_DIRECT_OBJC_ISA_USAGE = YES_ERROR;
				CLANG_WARN_DOCUMENTATION_COMMENTS = YES;
				CLANG_WARN_EMPTY_BODY = YES;
				CLANG_WARN_ENUM_CONVERSION = YES;
				CLANG_WARN_INFINITE_RECURSION = YES;
				CLANG_WARN_INT_CONVERSION = YES;
				CLANG_WARN_NON_LITERAL_NULL_CONVERSION = YES;
				CLANG_WARN_OBJC_IMPLICIT_RETAIN_SELF = YES;
				CLANG_WARN_OBJC_LITERAL_CONVERSION = YES;
				CLANG_WARN_OBJC_ROOT_CLASS = YES_ERROR;
				CLANG_WARN_QUOTED_INCLUDE_IN_FRAMEWORK_HEADER = YES;
				CLANG_WARN_RANGE_LOOP_ANALYSIS = YES;
				CLANG_WARN_STRICT_PROTOTYPES = YES;
				CLANG_WARN_SUSPICIOUS_MOVE = YES;
				CLANG_WARN_UNGUARDED_AVAILABILITY = YES_AGGRESSIVE;
				CLANG_WARN_UNREACHABLE_CODE = YES;
				CLANG_WARN__DUPLICATE_METHOD_MATCH = YES;
				COPY_PHASE_STRIP = NO;
				DEBUG_INFORMATION_FORMAT = "dwarf-with-dsym";
				ENABLE_NS_ASSERTIONS = NO;
				ENABLE_STRICT_OBJC_MSGSEND = YES;
				ENABLE_USER_SCRIPT_SANDBOXING = YES;
				GCC_C_LANGUAGE_STANDARD = gnu17;
				GCC_NO_COMMON_BLOCKS = YES;
				GCC_WARN_64_TO_32_BIT_CONVERSION = YES;
				GCC_WARN_ABOUT_RETURN_TYPE = YES_ERROR;
				GCC_WARN_UNDECLARED_SELECTOR = YES;
				GCC_WARN_UNINITIALIZED_AUTOS = YES_AGGRESSIVE;
				GCC_WARN_UNUSED_FUNCTION = YES;
				GCC_WARN_UNUSED_VARIABLE = YES;
				IPHONEOS_DEPLOYMENT_TARGET = 17.2;
				LOCALIZATION_PREFERS_STRING_CATALOGS = YES;
				MTL_ENABLE_DEBUG_INFO = NO;
				MTL_FAST_MATH = YES;
				SDKROOT = iphoneos;
				SWIFT_COMPILATION_MODE = wholemodule;
				VALIDATE_PRODUCT = YES;
			};
			name = Release;
		};
		4B88B4902B488C6000F5F0F4 /* Debug */ = {
			isa = XCBuildConfiguration;
			buildSettings = {
				ASSETCATALOG_COMPILER_APPICON_NAME = AppIcon;
				ASSETCATALOG_COMPILER_GLOBAL_ACCENT_COLOR_NAME = AccentColor;
				CODE_SIGN_IDENTITY = "Apple Development";
				CODE_SIGN_STYLE = Automatic;
				CURRENT_PROJECT_VERSION = 1;
				DEVELOPMENT_ASSET_PATHS = "\"Gains/Preview Content\"";
				DEVELOPMENT_TEAM = MFFQ2QUHDF;
				ENABLE_PREVIEWS = YES;
				GENERATE_INFOPLIST_FILE = YES;
				INFOPLIST_KEY_UIApplicationSceneManifest_Generation = YES;
				INFOPLIST_KEY_UIApplicationSupportsIndirectInputEvents = YES;
				INFOPLIST_KEY_UILaunchScreen_Generation = YES;
				INFOPLIST_KEY_UISupportedInterfaceOrientations_iPad = "UIInterfaceOrientationPortrait UIInterfaceOrientationPortraitUpsideDown UIInterfaceOrientationLandscapeLeft UIInterfaceOrientationLandscapeRight";
				INFOPLIST_KEY_UISupportedInterfaceOrientations_iPhone = "UIInterfaceOrientationPortrait UIInterfaceOrientationLandscapeLeft UIInterfaceOrientationLandscapeRight";
				LD_RUNPATH_SEARCH_PATHS = (
					"$(inherited)",
					"@executable_path/Frameworks",
				);
				MARKETING_VERSION = 1.0;
				PRODUCT_BUNDLE_IDENTIFIER = com.kevinmerwin.Gains;
				PRODUCT_NAME = "$(TARGET_NAME)";
				PROVISIONING_PROFILE_SPECIFIER = "";
				SWIFT_EMIT_LOC_STRINGS = YES;
				SWIFT_VERSION = 5.0;
				TARGETED_DEVICE_FAMILY = "1,2";
			};
			name = Debug;
		};
		4B88B4912B488C6000F5F0F4 /* Release */ = {
			isa = XCBuildConfiguration;
			buildSettings = {
				ASSETCATALOG_COMPILER_APPICON_NAME = AppIcon;
				ASSETCATALOG_COMPILER_GLOBAL_ACCENT_COLOR_NAME = AccentColor;
				CODE_SIGN_IDENTITY = "Apple Development";
				CODE_SIGN_STYLE = Automatic;
				CURRENT_PROJECT_VERSION = 1;
				DEVELOPMENT_ASSET_PATHS = "\"Gains/Preview Content\"";
				DEVELOPMENT_TEAM = MFFQ2QUHDF;
				ENABLE_PREVIEWS = YES;
				GENERATE_INFOPLIST_FILE = YES;
				INFOPLIST_KEY_UIApplicationSceneManifest_Generation = YES;
				INFOPLIST_KEY_UIApplicationSupportsIndirectInputEvents = YES;
				INFOPLIST_KEY_UILaunchScreen_Generation = YES;
				INFOPLIST_KEY_UISupportedInterfaceOrientations_iPad = "UIInterfaceOrientationPortrait UIInterfaceOrientationPortraitUpsideDown UIInterfaceOrientationLandscapeLeft UIInterfaceOrientationLandscapeRight";
				INFOPLIST_KEY_UISupportedInterfaceOrientations_iPhone = "UIInterfaceOrientationPortrait UIInterfaceOrientationLandscapeLeft UIInterfaceOrientationLandscapeRight";
				LD_RUNPATH_SEARCH_PATHS = (
					"$(inherited)",
					"@executable_path/Frameworks",
				);
				MARKETING_VERSION = 1.0;
				PRODUCT_BUNDLE_IDENTIFIER = com.kevinmerwin.Gains;
				PRODUCT_NAME = "$(TARGET_NAME)";
				PROVISIONING_PROFILE_SPECIFIER = "";
				SWIFT_EMIT_LOC_STRINGS = YES;
				SWIFT_VERSION = 5.0;
				TARGETED_DEVICE_FAMILY = "1,2";
			};
			name = Release;
		};
		4B88B4932B488C6000F5F0F4 /* Debug */ = {
			isa = XCBuildConfiguration;
			buildSettings = {
				ALWAYS_EMBED_SWIFT_STANDARD_LIBRARIES = YES;
				BUNDLE_LOADER = "$(TEST_HOST)";
				CODE_SIGN_STYLE = Automatic;
				CURRENT_PROJECT_VERSION = 1;
				DEVELOPMENT_TEAM = MFFQ2QUHDF;
				GENERATE_INFOPLIST_FILE = YES;
				IPHONEOS_DEPLOYMENT_TARGET = 17.2;
				MARKETING_VERSION = 1.0;
				PRODUCT_BUNDLE_IDENTIFIER = com.kevinmerwin.GainsTests;
				PRODUCT_NAME = "$(TARGET_NAME)";
				SWIFT_EMIT_LOC_STRINGS = NO;
				SWIFT_VERSION = 5.0;
				TARGETED_DEVICE_FAMILY = "1,2";
				TEST_HOST = "$(BUILT_PRODUCTS_DIR)/Gains.app/$(BUNDLE_EXECUTABLE_FOLDER_PATH)/Gains";
			};
			name = Debug;
		};
		4B88B4942B488C6000F5F0F4 /* Release */ = {
			isa = XCBuildConfiguration;
			buildSettings = {
				ALWAYS_EMBED_SWIFT_STANDARD_LIBRARIES = YES;
				BUNDLE_LOADER = "$(TEST_HOST)";
				CODE_SIGN_STYLE = Automatic;
				CURRENT_PROJECT_VERSION = 1;
				DEVELOPMENT_TEAM = MFFQ2QUHDF;
				GENERATE_INFOPLIST_FILE = YES;
				IPHONEOS_DEPLOYMENT_TARGET = 17.2;
				MARKETING_VERSION = 1.0;
				PRODUCT_BUNDLE_IDENTIFIER = com.kevinmerwin.GainsTests;
				PRODUCT_NAME = "$(TARGET_NAME)";
				SWIFT_EMIT_LOC_STRINGS = NO;
				SWIFT_VERSION = 5.0;
				TARGETED_DEVICE_FAMILY = "1,2";
				TEST_HOST = "$(BUILT_PRODUCTS_DIR)/Gains.app/$(BUNDLE_EXECUTABLE_FOLDER_PATH)/Gains";
			};
			name = Release;
		};
		4B88B4962B488C6000F5F0F4 /* Debug */ = {
			isa = XCBuildConfiguration;
			buildSettings = {
				ALWAYS_EMBED_SWIFT_STANDARD_LIBRARIES = YES;
				CODE_SIGN_STYLE = Automatic;
				CURRENT_PROJECT_VERSION = 1;
				DEVELOPMENT_TEAM = MFFQ2QUHDF;
				GENERATE_INFOPLIST_FILE = YES;
				MARKETING_VERSION = 1.0;
				PRODUCT_BUNDLE_IDENTIFIER = com.kevinmerwin.GainsUITests;
				PRODUCT_NAME = "$(TARGET_NAME)";
				SWIFT_EMIT_LOC_STRINGS = NO;
				SWIFT_VERSION = 5.0;
				TARGETED_DEVICE_FAMILY = "1,2";
				TEST_TARGET_NAME = Gains;
			};
			name = Debug;
		};
		4B88B4972B488C6000F5F0F4 /* Release */ = {
			isa = XCBuildConfiguration;
			buildSettings = {
				ALWAYS_EMBED_SWIFT_STANDARD_LIBRARIES = YES;
				CODE_SIGN_STYLE = Automatic;
				CURRENT_PROJECT_VERSION = 1;
				DEVELOPMENT_TEAM = MFFQ2QUHDF;
				GENERATE_INFOPLIST_FILE = YES;
				MARKETING_VERSION = 1.0;
				PRODUCT_BUNDLE_IDENTIFIER = com.kevinmerwin.GainsUITests;
				PRODUCT_NAME = "$(TARGET_NAME)";
				SWIFT_EMIT_LOC_STRINGS = NO;
				SWIFT_VERSION = 5.0;
				TARGETED_DEVICE_FAMILY = "1,2";
				TEST_TARGET_NAME = Gains;
			};
			name = Release;
		};
/* End XCBuildConfiguration section */

/* Begin XCConfigurationList section */
		4B88B4662B488C5E00F5F0F4 /* Build configuration list for PBXProject "Gains" */ = {
			isa = XCConfigurationList;
			buildConfigurations = (
				4B88B48D2B488C6000F5F0F4 /* Debug */,
				4B88B48E2B488C6000F5F0F4 /* Release */,
			);
			defaultConfigurationIsVisible = 0;
			defaultConfigurationName = Release;
		};
		4B88B48F2B488C6000F5F0F4 /* Build configuration list for PBXNativeTarget "Gains" */ = {
			isa = XCConfigurationList;
			buildConfigurations = (
				4B88B4902B488C6000F5F0F4 /* Debug */,
				4B88B4912B488C6000F5F0F4 /* Release */,
			);
			defaultConfigurationIsVisible = 0;
			defaultConfigurationName = Release;
		};
		4B88B4922B488C6000F5F0F4 /* Build configuration list for PBXNativeTarget "GainsTests" */ = {
			isa = XCConfigurationList;
			buildConfigurations = (
				4B88B4932B488C6000F5F0F4 /* Debug */,
				4B88B4942B488C6000F5F0F4 /* Release */,
			);
			defaultConfigurationIsVisible = 0;
			defaultConfigurationName = Release;
		};
		4B88B4952B488C6000F5F0F4 /* Build configuration list for PBXNativeTarget "GainsUITests" */ = {
			isa = XCConfigurationList;
			buildConfigurations = (
				4B88B4962B488C6000F5F0F4 /* Debug */,
				4B88B4972B488C6000F5F0F4 /* Release */,
			);
			defaultConfigurationIsVisible = 0;
			defaultConfigurationName = Release;
		};
/* End XCConfigurationList section */

/* Begin XCRemoteSwiftPackageReference section */
		4B88B4A02B488DDF00F5F0F4 /* XCRemoteSwiftPackageReference "Kingfisher" */ = {
			isa = XCRemoteSwiftPackageReference;
			repositoryURL = "https://github.com/onevcat/Kingfisher.git";
			requirement = {
				kind = upToNextMajorVersion;
				minimumVersion = 7.10.1;
			};
		};
		4B88B4A52B488FAD00F5F0F4 /* XCRemoteSwiftPackageReference "firebase-ios-sdk" */ = {
			isa = XCRemoteSwiftPackageReference;
			repositoryURL = "https://github.com/firebase/firebase-ios-sdk";
			requirement = {
				kind = upToNextMajorVersion;
				minimumVersion = 10.19.1;
			};
		};
/* End XCRemoteSwiftPackageReference section */

/* Begin XCSwiftPackageProductDependency section */
		4B88B4A12B488DDF00F5F0F4 /* Kingfisher */ = {
			isa = XCSwiftPackageProductDependency;
			package = 4B88B4A02B488DDF00F5F0F4 /* XCRemoteSwiftPackageReference "Kingfisher" */;
			productName = Kingfisher;
		};
		4B88B4A62B488FAD00F5F0F4 /* FirebaseAnalytics */ = {
			isa = XCSwiftPackageProductDependency;
			package = 4B88B4A52B488FAD00F5F0F4 /* XCRemoteSwiftPackageReference "firebase-ios-sdk" */;
			productName = FirebaseAnalytics;
		};
		4B9020D42B4F2BE000A4EDA3 /* FirebaseAuth */ = {
			isa = XCSwiftPackageProductDependency;
			package = 4B88B4A52B488FAD00F5F0F4 /* XCRemoteSwiftPackageReference "firebase-ios-sdk" */;
			productName = FirebaseAuth;
		};
		4B9020D62B4F2BE100A4EDA3 /* FirebaseFirestore */ = {
			isa = XCSwiftPackageProductDependency;
			package = 4B88B4A52B488FAD00F5F0F4 /* XCRemoteSwiftPackageReference "firebase-ios-sdk" */;
			productName = FirebaseFirestore;
		};
		4B9020D82B4F2BE100A4EDA3 /* FirebaseFirestoreSwift */ = {
			isa = XCSwiftPackageProductDependency;
			package = 4B88B4A52B488FAD00F5F0F4 /* XCRemoteSwiftPackageReference "firebase-ios-sdk" */;
			productName = FirebaseFirestoreSwift;
		};
		4B9020DA2B4F2BE100A4EDA3 /* FirebaseStorage */ = {
			isa = XCSwiftPackageProductDependency;
			package = 4B88B4A52B488FAD00F5F0F4 /* XCRemoteSwiftPackageReference "firebase-ios-sdk" */;
			productName = FirebaseStorage;
		};
/* End XCSwiftPackageProductDependency section */
	};
	rootObject = 4B88B4632B488C5E00F5F0F4 /* Project object */;
}
